{
  "name": "@etharialle/js-dropdown-menu",
  "version": "1.0.0",
  "lockfileVersion": 3,
  "requires": true,
  "packages": {
    "": {
      "name": "@etharialle/js-dropdown-menu",
      "version": "1.0.0",
      "license": "ISC",
      "dependencies": {
        "@etharialle/js-dropdown-menu": "^1.0.0"
      }
    },
    "node_modules/@etharialle/js-dropdown-menu": {
      "version": "1.0.0",
      "resolved": "https://registry.npmjs.org/@etharialle/js-dropdown-menu/-/js-dropdown-menu-1.0.0.tgz",
      "integrity": "sha512-L0k44DTvf0drLHllJ7KhJbKNzt+5QI5CT0AGrhOpYN1Wgg161rBfKaICt6Z/Xbb5cHxtRzoXveFmWnoDLK7/JQ=="
    }
  }
}
